
Microsoft Visual Studio Solution File, Format Version 12.00
# Visual Studio Version 17
VisualStudioVersion = 17.3.32819.101
MinimumVisualStudioVersion = 10.0.40219.1
Project("{FAE04EC0-301F-11D3-BF4B-00C04F79EFBC}") = "PortfolioTake3", "PortfolioTake3\PortfolioTake3.csproj", "{B136800C-711B-414B-B614-AC0B7192E9B2}"
EndProject
Global
	GlobalSection(SolutionConfigurationPlatforms) = preSolution
		Debug|Any CPU = Debug|Any CPU
		Release|Any CPU = Release|Any CPU
	EndGlobalSection
	GlobalSection(ProjectConfigurationPlatforms) = postSolution
		{B136800C-711B-414B-B614-AC0B7192E9B2}.Debug|Any CPU.ActiveCfg = Debug|Any CPU
		{B136800C-711B-414B-B614-AC0B7192E9B2}.Debug|Any CPU.Build.0 = Debug|Any CPU
		{B136800C-711B-414B-B614-AC0B7192E9B2}.Release|Any CPU.ActiveCfg = Release|Any CPU
		{B136800C-711B-414B-B614-AC0B7192E9B2}.Release|Any CPU.Build.0 = Release|Any CPU
	EndGlobalSection
	GlobalSection(SolutionProperties) = preSolution
		HideSolutionNode = FALSE
	EndGlobalSection
	GlobalSection(ExtensibilityGlobals) = postSolution
		SolutionGuid = {0D0BE3C3-511A-489D-A771-E033F9AFF83B}
	EndGlobalSection
EndGlobal
